
Microsoft Visual Studio Solution File, Format Version 12.00
# Visual Studio Version 17
VisualStudioVersion = 17.6.33829.357
MinimumVisualStudioVersion = 10.0.40219.1
Project("{FAE04EC0-301F-11D3-BF4B-00C04F79EFBC}") = "Game", "Game.csproj", "{D5FF998A-980F-48A7-B9B5-3859382350C1}"
EndProject
Global
	GlobalSection(SolutionConfigurationPlatforms) = preSolution
		Debug|Any CPU = Debug|Any CPU
		Release|Any CPU = Release|Any CPU
	EndGlobalSection
	GlobalSection(ProjectConfigurationPlatforms) = postSolution
		{D5FF998A-980F-48A7-B9B5-3859382350C1}.Debug|Any CPU.ActiveCfg = Debug|Any CPU
		{D5FF998A-980F-48A7-B9B5-3859382350C1}.Debug|Any CPU.Build.0 = Debug|Any CPU
		{D5FF998A-980F-48A7-B9B5-3859382350C1}.Release|Any CPU.ActiveCfg = Release|Any CPU
		{D5FF998A-980F-48A7-B9B5-3859382350C1}.Release|Any CPU.Build.0 = Release|Any CPU
	EndGlobalSection
	GlobalSection(SolutionProperties) = preSolution
		HideSolutionNode = FALSE
	EndGlobalSection
	GlobalSection(ExtensibilityGlobals) = postSolution
		SolutionGuid = {7E900102-209D-4FF6-8A88-178886D3FCC3}
	EndGlobalSection
EndGlobal
